
Microsoft Visual Studio Solution File, Format Version 12.00
# Visual Studio Version 17
VisualStudioVersion = 17.14.36221.1
MinimumVisualStudioVersion = 10.0.40219.1
Project("{FAE04EC0-301F-11D3-BF4B-00C04F79EFBC}") = "DbEntityMate", "DbEntityMate\DbEntityMate.csproj", "{84E8FB53-9CC6-42A9-8E0C-99BEB181D68C}"
EndProject
Global
	GlobalSection(SolutionConfigurationPlatforms) = preSolution
		Debug|Any CPU = Debug|Any CPU
		Release|Any CPU = Release|Any CPU
	EndGlobalSection
	GlobalSection(ProjectConfigurationPlatforms) = postSolution
		{84E8FB53-9CC6-42A9-8E0C-99BEB181D68C}.Debug|Any CPU.ActiveCfg = Debug|Any CPU
		{84E8FB53-9CC6-42A9-8E0C-99BEB181D68C}.Debug|Any CPU.Build.0 = Debug|Any CPU
		{84E8FB53-9CC6-42A9-8E0C-99BEB181D68C}.Release|Any CPU.ActiveCfg = Release|Any CPU
		{84E8FB53-9CC6-42A9-8E0C-99BEB181D68C}.Release|Any CPU.Build.0 = Release|Any CPU
	EndGlobalSection
	GlobalSection(SolutionProperties) = preSolution
		HideSolutionNode = FALSE
	EndGlobalSection
	GlobalSection(ExtensibilityGlobals) = postSolution
		SolutionGuid = {7DDE9479-FE32-44BB-BD35-A75AF12DE64E}
	EndGlobalSection
EndGlobal
